
Microsoft Visual Studio Solution File, Format Version 12.00
# Visual Studio Version 16
VisualStudioVersion = 16.0.32428.217
MinimumVisualStudioVersion = 10.0.40219.1
Project("{FAE04EC0-301F-11D3-BF4B-00C04F79EFBC}") = "GameinConsole", "GameinConsole\GameinConsole.csproj", "{301DF1C4-5B31-4C92-8548-6F1A0C58ABAC}"
EndProject
Global
	GlobalSection(SolutionConfigurationPlatforms) = preSolution
		Debug|Any CPU = Debug|Any CPU
		Release|Any CPU = Release|Any CPU
	EndGlobalSection
	GlobalSection(ProjectConfigurationPlatforms) = postSolution
		{301DF1C4-5B31-4C92-8548-6F1A0C58ABAC}.Debug|Any CPU.ActiveCfg = Debug|Any CPU
		{301DF1C4-5B31-4C92-8548-6F1A0C58ABAC}.Debug|Any CPU.Build.0 = Debug|Any CPU
		{301DF1C4-5B31-4C92-8548-6F1A0C58ABAC}.Release|Any CPU.ActiveCfg = Release|Any CPU
		{301DF1C4-5B31-4C92-8548-6F1A0C58ABAC}.Release|Any CPU.Build.0 = Release|Any CPU
	EndGlobalSection
	GlobalSection(SolutionProperties) = preSolution
		HideSolutionNode = FALSE
	EndGlobalSection
	GlobalSection(ExtensibilityGlobals) = postSolution
		SolutionGuid = {D04CA23B-AA9B-4CF2-A177-558EA98AE470}
	EndGlobalSection
EndGlobal
